
Microsoft Visual Studio Solution File, Format Version 11.00
# Visual Studio 2010
Project("{FAE04EC0-301F-11D3-BF4B-00C04F79EFBC}") = "SheepDog", "SheepDog\SheepDog.csproj", "{4AE30F77-77A2-4266-A989-5985BC9B40B5}"
EndProject
Global
	GlobalSection(SolutionConfigurationPlatforms) = preSolution
		Debug|Any CPU = Debug|Any CPU
		Release|Any CPU = Release|Any CPU
	EndGlobalSection
	GlobalSection(ProjectConfigurationPlatforms) = postSolution
		{4AE30F77-77A2-4266-A989-5985BC9B40B5}.Debug|Any CPU.ActiveCfg = Debug|Any CPU
		{4AE30F77-77A2-4266-A989-5985BC9B40B5}.Debug|Any CPU.Build.0 = Debug|Any CPU
		{4AE30F77-77A2-4266-A989-5985BC9B40B5}.Release|Any CPU.ActiveCfg = Release|Any CPU
		{4AE30F77-77A2-4266-A989-5985BC9B40B5}.Release|Any CPU.Build.0 = Release|Any CPU
	EndGlobalSection
	GlobalSection(MonoDevelopProperties) = preSolution
		StartupItem = SheepDog\SheepDog.csproj
	EndGlobalSection
EndGlobal
